
Microsoft Visual Studio Solution File, Format Version 12.00
# Visual Studio Version 17
VisualStudioVersion = 17.3.32929.385
MinimumVisualStudioVersion = 10.0.40219.1
Project("{9A19103F-16F7-4668-BE54-9A1E7A4F7556}") = "Project-Elevator_Admin", "Project-Elevator_Admin\Project-Elevator_Admin.csproj", "{609D249D-BAF7-4A5E-A215-6232045A19A3}"
EndProject
Project("{9A19103F-16F7-4668-BE54-9A1E7A4F7556}") = "Project-Elevator_Admin.Tests", "Project-Elevator_Admin.Tests\Project-Elevator_Admin.Tests.csproj", "{7B513134-ED31-4D41-89B9-98107E6C267E}"
EndProject
Global
	GlobalSection(SolutionConfigurationPlatforms) = preSolution
		Debug|Any CPU = Debug|Any CPU
		Release|Any CPU = Release|Any CPU
	EndGlobalSection
	GlobalSection(ProjectConfigurationPlatforms) = postSolution
		{609D249D-BAF7-4A5E-A215-6232045A19A3}.Debug|Any CPU.ActiveCfg = Debug|Any CPU
		{609D249D-BAF7-4A5E-A215-6232045A19A3}.Debug|Any CPU.Build.0 = Debug|Any CPU
		{609D249D-BAF7-4A5E-A215-6232045A19A3}.Release|Any CPU.ActiveCfg = Release|Any CPU
		{609D249D-BAF7-4A5E-A215-6232045A19A3}.Release|Any CPU.Build.0 = Release|Any CPU
		{7B513134-ED31-4D41-89B9-98107E6C267E}.Debug|Any CPU.ActiveCfg = Debug|Any CPU
		{7B513134-ED31-4D41-89B9-98107E6C267E}.Debug|Any CPU.Build.0 = Debug|Any CPU
		{7B513134-ED31-4D41-89B9-98107E6C267E}.Release|Any CPU.ActiveCfg = Release|Any CPU
		{7B513134-ED31-4D41-89B9-98107E6C267E}.Release|Any CPU.Build.0 = Release|Any CPU
	EndGlobalSection
	GlobalSection(SolutionProperties) = preSolution
		HideSolutionNode = FALSE
	EndGlobalSection
	GlobalSection(ExtensibilityGlobals) = postSolution
		SolutionGuid = {0891E31F-A84D-4CBC-BA67-21733CF82F5D}
	EndGlobalSection
EndGlobal
